
Microsoft Visual Studio Solution File, Format Version 12.00
# Visual Studio Version 17
VisualStudioVersion = 17.11.35303.130
MinimumVisualStudioVersion = 10.0.40219.1
Project("{FAE04EC0-301F-11D3-BF4B-00C04F79EFBC}") = "VP", "VP\VP.csproj", "{743EF7C2-C7E7-4243-AF6A-A70DB433EB22}"
EndProject
Global
	GlobalSection(SolutionConfigurationPlatforms) = preSolution
		Debug|Any CPU = Debug|Any CPU
		Release|Any CPU = Release|Any CPU
	EndGlobalSection
	GlobalSection(ProjectConfigurationPlatforms) = postSolution
		{743EF7C2-C7E7-4243-AF6A-A70DB433EB22}.Debug|Any CPU.ActiveCfg = Debug|Any CPU
		{743EF7C2-C7E7-4243-AF6A-A70DB433EB22}.Debug|Any CPU.Build.0 = Debug|Any CPU
		{743EF7C2-C7E7-4243-AF6A-A70DB433EB22}.Release|Any CPU.ActiveCfg = Release|Any CPU
		{743EF7C2-C7E7-4243-AF6A-A70DB433EB22}.Release|Any CPU.Build.0 = Release|Any CPU
	EndGlobalSection
	GlobalSection(SolutionProperties) = preSolution
		HideSolutionNode = FALSE
	EndGlobalSection
	GlobalSection(ExtensibilityGlobals) = postSolution
		SolutionGuid = {1A05D87D-3A6B-4C7C-8A5D-7DB60FFE7A07}
	EndGlobalSection
EndGlobal
